Microsoft Visual Studio Solution File, Format Version 12.00
# Visual Studio 2012
Project("{FAE04EC0-301F-11D3-BF4B-00C04F79EFBC}") = "A-Star Challenge CSCI 4041", "A-Star Challenge CSCI 4041.csproj", "{25999483-7C99-4445-BD2E-E8C82AE3C7DE}"
EndProject
Global
	GlobalSection(SolutionConfigurationPlatforms) = preSolution
	Debug|Any CPU = Debug|Any CPU
	ExportDebug|Any CPU = ExportDebug|Any CPU
	ExportRelease|Any CPU = ExportRelease|Any CPU
	EndGlobalSection
	GlobalSection(ProjectConfigurationPlatforms) = postSolution
		{25999483-7C99-4445-BD2E-E8C82AE3C7DE}.Debug|Any CPU.ActiveCfg = Debug|Any CPU
		{25999483-7C99-4445-BD2E-E8C82AE3C7DE}.Debug|Any CPU.Build.0 = Debug|Any CPU
		{25999483-7C99-4445-BD2E-E8C82AE3C7DE}.ExportDebug|Any CPU.ActiveCfg = ExportDebug|Any CPU
		{25999483-7C99-4445-BD2E-E8C82AE3C7DE}.ExportDebug|Any CPU.Build.0 = ExportDebug|Any CPU
		{25999483-7C99-4445-BD2E-E8C82AE3C7DE}.ExportRelease|Any CPU.ActiveCfg = ExportRelease|Any CPU
		{25999483-7C99-4445-BD2E-E8C82AE3C7DE}.ExportRelease|Any CPU.Build.0 = ExportRelease|Any CPU
	EndGlobalSection
EndGlobal
